
Microsoft Visual Studio Solution File, Format Version 12.00
Project("{FAE04EC0-301F-11D3-BF4B-00C04F79EFBC}") = "MacOSApp1", "MacOSApp1\MacOSApp1.csproj", "{145A28E0-55AC-4C16-AC27-470936D39A54}"
EndProject
Global
	GlobalSection(SolutionConfigurationPlatforms) = preSolution
		Debug|x86 = Debug|x86
		Release|x86 = Release|x86
	EndGlobalSection
	GlobalSection(ProjectConfigurationPlatforms) = postSolution
		{145A28E0-55AC-4C16-AC27-470936D39A54}.Debug|x86.ActiveCfg = Debug|x86
		{145A28E0-55AC-4C16-AC27-470936D39A54}.Debug|x86.Build.0 = Debug|x86
		{145A28E0-55AC-4C16-AC27-470936D39A54}.Debug|x86.Deploy.0 = Debug|x86
		{145A28E0-55AC-4C16-AC27-470936D39A54}.Release|x86.ActiveCfg = Release|x86
		{145A28E0-55AC-4C16-AC27-470936D39A54}.Release|x86.Build.0 = Release|x86
		{145A28E0-55AC-4C16-AC27-470936D39A54}.Release|x86.Deploy.0 = Release|x86
	EndGlobalSection
EndGlobal
